
Microsoft Visual Studio Solution File, Format Version 12.00
# Visual Studio Version 16
VisualStudioVersion = 16.0.31112.23
MinimumVisualStudioVersion = 10.0.40219.1
Project("{9A19103F-16F7-4668-BE54-9A1E7A4F7556}") = "EMI-Soiree", "EMI-Soiree\EMI-Soiree.csproj", "{DEE7537C-E3D2-468F-BDB6-0C9DB28395F4}"
EndProject
Project("{9A19103F-16F7-4668-BE54-9A1E7A4F7556}") = "EMI-Soiree.DAL", "EMI-Soiree.DAL\EMI-Soiree.DAL.csproj", "{9EF31D18-1317-428F-9D8F-F2F87993D120}"
EndProject
Project("{FAE04EC0-301F-11D3-BF4B-00C04F79EFBC}") = "EMI-Soiree.DAL.Tests", "EMI-Soiree.DAL.Tests\EMI-Soiree.DAL.Tests.csproj", "{BED36771-892B-457F-9B04-65150BE293B7}"
EndProject
Global
	GlobalSection(SolutionConfigurationPlatforms) = preSolution
		Debug|Any CPU = Debug|Any CPU
		Release|Any CPU = Release|Any CPU
	EndGlobalSection
	GlobalSection(ProjectConfigurationPlatforms) = postSolution
		{DEE7537C-E3D2-468F-BDB6-0C9DB28395F4}.Debug|Any CPU.ActiveCfg = Debug|Any CPU
		{DEE7537C-E3D2-468F-BDB6-0C9DB28395F4}.Debug|Any CPU.Build.0 = Debug|Any CPU
		{DEE7537C-E3D2-468F-BDB6-0C9DB28395F4}.Release|Any CPU.ActiveCfg = Release|Any CPU
		{DEE7537C-E3D2-468F-BDB6-0C9DB28395F4}.Release|Any CPU.Build.0 = Release|Any CPU
		{9EF31D18-1317-428F-9D8F-F2F87993D120}.Debug|Any CPU.ActiveCfg = Debug|Any CPU
		{9EF31D18-1317-428F-9D8F-F2F87993D120}.Debug|Any CPU.Build.0 = Debug|Any CPU
		{9EF31D18-1317-428F-9D8F-F2F87993D120}.Release|Any CPU.ActiveCfg = Release|Any CPU
		{9EF31D18-1317-428F-9D8F-F2F87993D120}.Release|Any CPU.Build.0 = Release|Any CPU
		{BED36771-892B-457F-9B04-65150BE293B7}.Debug|Any CPU.ActiveCfg = Debug|Any CPU
		{BED36771-892B-457F-9B04-65150BE293B7}.Debug|Any CPU.Build.0 = Debug|Any CPU
		{BED36771-892B-457F-9B04-65150BE293B7}.Release|Any CPU.ActiveCfg = Release|Any CPU
		{BED36771-892B-457F-9B04-65150BE293B7}.Release|Any CPU.Build.0 = Release|Any CPU
	EndGlobalSection
	GlobalSection(SolutionProperties) = preSolution
		HideSolutionNode = FALSE
	EndGlobalSection
	GlobalSection(ExtensibilityGlobals) = postSolution
		SolutionGuid = {231AD34B-8959-4346-A15B-9AF4EDF4DE73}
	EndGlobalSection
EndGlobal
